{
  "name": "temp_install",
  "version": "1.0.0",
  "lockfileVersion": 3,
  "requires": true,
  "packages": {
    "": {
      "name": "temp_install",
      "version": "1.0.0",
      "license": "ISC",
      "dependencies": {
        "mediasoup-client": "^3.18.1"
      }
    },
    "node_modules/@lukeed/csprng": {
      "version": "1.1.0",
      "resolved": "https://registry.npmjs.org/@lukeed/csprng/-/csprng-1.1.0.tgz",
      "integrity": "sha512-Z7C/xXCiGWsg0KuKsHTKJxbWhpI3Vs5GwLfOean7MGyVFGqdRgBbAjOCh6u4bbjPc/8MJ2pZmK/0DLdCbivLDA==",
      "license": "MIT",
      "engines": {
        "node": ">=8"
      }
    },
    "node_modules/@lukeed/uuid": {
      "version": "2.0.1",
      "resolved": "https://registry.npmjs.org/@lukeed/uuid/-/uuid-2.0.1.tgz",
      "integrity": "sha512-qC72D4+CDdjGqJvkFMMEAtancHUQ7/d/tAiHf64z8MopFDmcrtbcJuerDtFceuAfQJ2pDSfCKCtbqoGBNnwg0w==",
      "license": "MIT",
      "dependencies": {
        "@lukeed/csprng": "^1.1.0"
      },
      "engines": {
        "node": ">=8"
      }
    },
    "node_modules/@types/debug": {
      "version": "4.1.12",
      "resolved": "https://registry.npmjs.org/@types/debug/-/debug-4.1.12.tgz",
      "integrity": "sha512-vIChWdVG3LG1SMxEvI/AK+FWJthlrqlTu7fbrlywTkkaONwk/UAGaULXRlf8vkzFBLVm0zkMdCquhL5aOjhXPQ==",
      "license": "MIT",
      "dependencies": {
        "@types/ms": "*"
      }
    },
    "node_modules/@types/events-alias": {
      "name": "@types/events",
      "version": "3.0.3",
      "resolved": "https://registry.npmjs.org/@types/events/-/events-3.0.3.tgz",
      "integrity": "sha512-trOc4AAUThEz9hapPtSd7wf5tiQKvTtu5b371UxXdTuqzIh0ArcRspRP0i0Viu+LXstIQ1z96t1nsPxT9ol01g==",
      "license": "MIT"
    },
    "node_modules/@types/ms": {
      "version": "2.1.0",
      "resolved": "https://registry.npmjs.org/@types/ms/-/ms-2.1.0.tgz",
      "integrity": "sha512-GsCCIZDE/p3i96vtEqx+7dBUGXrc7zeSK3wwPHIaRThS+9OhWIXRqzs4d6k1SVU8g91DrNRWxWUGhp5KXQb2VA==",
      "license": "MIT"
    },
    "node_modules/awaitqueue": {
      "version": "3.3.0",
      "resolved": "https://registry.npmjs.org/awaitqueue/-/awaitqueue-3.3.0.tgz",
      "integrity": "sha512-zLxDhzQbzHmOyvxi7g3OlfR7jLrcmElStPxfLPpJkrFSDm71RSrY/MvsDA8Btlx8X1nOHUzGhQvc6bdUjL2f2w==",
      "license": "ISC",
      "dependencies": {
        "debug": "^4.4.3"
      },
      "engines": {
        "node": ">=20"
      },
      "funding": {
        "type": "opencollective",
        "url": "https://opencollective.com/mediasoup"
      }
    },
    "node_modules/debug": {
      "version": "4.4.3",
      "resolved": "https://registry.npmjs.org/debug/-/debug-4.4.3.tgz",
      "integrity": "sha512-RGwwWnwQvkVfavKVt22FGLw+xYSdzARwm0ru6DhTVA3umU5hZc28V3kO4stgYryrTlLpuvgI9GiijltAjNbcqA==",
      "license": "MIT",
      "dependencies": {
        "ms": "^2.1.3"
      },
      "engines": {
        "node": ">=6.0"
      },
      "peerDependenciesMeta": {
        "supports-color": {
          "optional": true
        }
      }
    },
    "node_modules/events-alias": {
      "name": "events",
      "version": "3.3.0",
      "resolved": "https://registry.npmjs.org/events/-/events-3.3.0.tgz",
      "integrity": "sha512-mQw+2fkQbALzQ7V0MY0IqdnXNOeTtP4r0lN9z7AAawCXgqea7bDii20AYrIBrFd/Hx0M2Ocz6S111CaFkUcb0Q==",
      "license": "MIT",
      "engines": {
        "node": ">=0.8.x"
      }
    },
    "node_modules/fake-mediastreamtrack": {
      "version": "2.2.1",
      "resolved": "https://registry.npmjs.org/fake-mediastreamtrack/-/fake-mediastreamtrack-2.2.1.tgz",
      "integrity": "sha512-SITLc7UTDirSdgLGORrlmqjWLJtbtfIz/xO7DwVbJH3f0ds+NQok4ccl/WEzz49NSgiUlXf2wDW0+y5C+TO6EA==",
      "license": "ISC",
      "dependencies": {
        "@lukeed/uuid": "^2.0.1"
      },
      "engines": {
        "node": ">=20"
      }
    },
    "node_modules/h264-profile-level-id": {
      "version": "2.3.1",
      "resolved": "https://registry.npmjs.org/h264-profile-level-id/-/h264-profile-level-id-2.3.1.tgz",
      "integrity": "sha512-x2P85PdoRsjCQE7sZjmQQDEf61vTTxOSPNFyqevXaiiq6DzvLVnd0VBq/C7wplrYEqTXvMW5CLIDUMBekNN4Vw==",
      "license": "ISC",
      "dependencies": {
        "debug": "^4.4.3"
      },
      "engines": {
        "node": ">=20"
      },
      "funding": {
        "type": "opencollective",
        "url": "https://opencollective.com/mediasoup"
      }
    },
    "node_modules/mediasoup-client": {
      "version": "3.18.1",
      "resolved": "https://registry.npmjs.org/mediasoup-client/-/mediasoup-client-3.18.1.tgz",
      "integrity": "sha512-RKo+hS3snKOnKRJr5la3aw5YKzUHKadsfFpOeNeOh2XCB+TbOLx751zSQErzfTGPQLYtcMZOQedRsZMA2uXd9A==",
      "license": "ISC",
      "dependencies": {
        "@types/debug": "^4.1.12",
        "@types/events-alias": "npm:@types/events@^3.0.3",
        "awaitqueue": "^3.3.0",
        "debug": "^4.4.3",
        "events-alias": "npm:events@^3.3.0",
        "fake-mediastreamtrack": "^2.2.1",
        "h264-profile-level-id": "^2.3.1",
        "sdp-transform": "^3.0.0",
        "supports-color": "^10.2.2"
      },
      "engines": {
        "node": ">=20"
      },
      "funding": {
        "type": "opencollective",
        "url": "https://opencollective.com/mediasoup"
      }
    },
    "node_modules/ms": {
      "version": "2.1.3",
      "resolved": "https://registry.npmjs.org/ms/-/ms-2.1.3.tgz",
      "integrity": "sha512-6FlzubTLZG3J2a/NVCAleEhjzq5oxgHyaCU9yYXvcLsvoVaHJq/s5xXI6/XXP6tz7R9xAOtHnSO/tXtF3WRTlA==",
      "license": "MIT"
    },
    "node_modules/sdp-transform": {
      "version": "3.0.0",
      "resolved": "https://registry.npmjs.org/sdp-transform/-/sdp-transform-3.0.0.tgz",
      "integrity": "sha512-gfYVRGxjHkGF2NPeUWHw5u6T/KGFtS5/drPms73gaSuMaVHKCY3lpLnGDfswVQO0kddeePoti09AwhYP4zA8dQ==",
      "license": "MIT",
      "bin": {
        "sdp-verify": "checker.js"
      }
    },
    "node_modules/supports-color": {
      "version": "10.2.2",
      "resolved": "https://registry.npmjs.org/supports-color/-/supports-color-10.2.2.tgz",
      "integrity": "sha512-SS+jx45GF1QjgEXQx4NJZV9ImqmO2NPz5FNsIHrsDjh2YsHnawpan7SNQ1o8NuhrbHZy9AZhIoCUiCeaW/C80g==",
      "license": "MIT",
      "engines": {
        "node": ">=18"
      },
      "funding": {
        "url": "https://github.com/chalk/supports-color?sponsor=1"
      }
    }
  }
}
